
Microsoft Visual Studio Solution File, Format Version 12.00
# Visual Studio Version 17
VisualStudioVersion = 17.9.34616.47
MinimumVisualStudioVersion = 10.0.40219.1
Project("{FAE04EC0-301F-11D3-BF4B-00C04F79EFBC}") = "MessageBroker", "MessageBroker\MessageBroker.csproj", "{2179A13E-24CF-4A24-8850-82768B077096}"
EndProject
Project("{2150E333-8FDC-42A3-9474-1A3956D46DE8}") = "Src", "Src", "{627C3459-F068-4B9A-A3A2-3305948EBE18}"
EndProject
Project("{2150E333-8FDC-42A3-9474-1A3956D46DE8}") = "Tests", "Tests", "{753F3B52-0DCB-4A8A-A883-BA8577BB6841}"
EndProject
Global
	GlobalSection(SolutionConfigurationPlatforms) = preSolution
		Debug|Any CPU = Debug|Any CPU
		Release|Any CPU = Release|Any CPU
	EndGlobalSection
	GlobalSection(ProjectConfigurationPlatforms) = postSolution
		{2179A13E-24CF-4A24-8850-82768B077096}.Debug|Any CPU.ActiveCfg = Debug|Any CPU
		{2179A13E-24CF-4A24-8850-82768B077096}.Debug|Any CPU.Build.0 = Debug|Any CPU
		{2179A13E-24CF-4A24-8850-82768B077096}.Release|Any CPU.ActiveCfg = Release|Any CPU
		{2179A13E-24CF-4A24-8850-82768B077096}.Release|Any CPU.Build.0 = Release|Any CPU
	EndGlobalSection
	GlobalSection(SolutionProperties) = preSolution
		HideSolutionNode = FALSE
	EndGlobalSection
	GlobalSection(NestedProjects) = preSolution
		{2179A13E-24CF-4A24-8850-82768B077096} = {627C3459-F068-4B9A-A3A2-3305948EBE18}
	EndGlobalSection
	GlobalSection(ExtensibilityGlobals) = postSolution
		SolutionGuid = {8E06AF2A-4196-4A71-8C2C-00DB7AD92BEE}
	EndGlobalSection
EndGlobal
